
Microsoft Visual Studio Solution File, Format Version 12.00
# Visual Studio Version 17
VisualStudioVersion = 17.12.35514.174 d17.12
MinimumVisualStudioVersion = 10.0.40219.1
Project("{FAE04EC0-301F-11D3-BF4B-00C04F79EFBC}") = "bai1", "bai1\bai1.csproj", "{563014FB-F8E7-473D-A85A-A94D44B7946D}"
EndProject
Project("{FAE04EC0-301F-11D3-BF4B-00C04F79EFBC}") = "bai2", "..\bai2\bai2.csproj", "{1F071E5B-4D94-4D93-8DCC-35D08CC1FB48}"
EndProject
Project("{FAE04EC0-301F-11D3-BF4B-00C04F79EFBC}") = "bai3", "..\bai3\bai3.csproj", "{68957D47-061B-4E1C-A3CB-BA3E5E62D895}"
EndProject
Global
	GlobalSection(SolutionConfigurationPlatforms) = preSolution
		Debug|Any CPU = Debug|Any CPU
		Release|Any CPU = Release|Any CPU
	EndGlobalSection
	GlobalSection(ProjectConfigurationPlatforms) = postSolution
		{563014FB-F8E7-473D-A85A-A94D44B7946D}.Debug|Any CPU.ActiveCfg = Debug|Any CPU
		{563014FB-F8E7-473D-A85A-A94D44B7946D}.Debug|Any CPU.Build.0 = Debug|Any CPU
		{563014FB-F8E7-473D-A85A-A94D44B7946D}.Release|Any CPU.ActiveCfg = Release|Any CPU
		{563014FB-F8E7-473D-A85A-A94D44B7946D}.Release|Any CPU.Build.0 = Release|Any CPU
		{1F071E5B-4D94-4D93-8DCC-35D08CC1FB48}.Debug|Any CPU.ActiveCfg = Debug|Any CPU
		{1F071E5B-4D94-4D93-8DCC-35D08CC1FB48}.Debug|Any CPU.Build.0 = Debug|Any CPU
		{1F071E5B-4D94-4D93-8DCC-35D08CC1FB48}.Release|Any CPU.ActiveCfg = Release|Any CPU
		{1F071E5B-4D94-4D93-8DCC-35D08CC1FB48}.Release|Any CPU.Build.0 = Release|Any CPU
		{68957D47-061B-4E1C-A3CB-BA3E5E62D895}.Debug|Any CPU.ActiveCfg = Debug|Any CPU
		{68957D47-061B-4E1C-A3CB-BA3E5E62D895}.Debug|Any CPU.Build.0 = Debug|Any CPU
		{68957D47-061B-4E1C-A3CB-BA3E5E62D895}.Release|Any CPU.ActiveCfg = Release|Any CPU
		{68957D47-061B-4E1C-A3CB-BA3E5E62D895}.Release|Any CPU.Build.0 = Release|Any CPU
	EndGlobalSection
	GlobalSection(SolutionProperties) = preSolution
		HideSolutionNode = FALSE
	EndGlobalSection
EndGlobal
